
Microsoft Visual Studio Solution File, Format Version 12.00
# Visual Studio Version 17
VisualStudioVersion = 17.5.33424.131
MinimumVisualStudioVersion = 10.0.40219.1
Project("{FAE04EC0-301F-11D3-BF4B-00C04F79EFBC}") = "EmpresaMineradora", "Mineradora\EmpresaMineradora.csproj", "{823EDE52-6A9C-4C92-A911-A095121121A0}"
EndProject
Global
	GlobalSection(SolutionConfigurationPlatforms) = preSolution
		Debug|Any CPU = Debug|Any CPU
		Release|Any CPU = Release|Any CPU
	EndGlobalSection
	GlobalSection(ProjectConfigurationPlatforms) = postSolution
		{823EDE52-6A9C-4C92-A911-A095121121A0}.Debug|Any CPU.ActiveCfg = Debug|Any CPU
		{823EDE52-6A9C-4C92-A911-A095121121A0}.Debug|Any CPU.Build.0 = Debug|Any CPU
		{823EDE52-6A9C-4C92-A911-A095121121A0}.Release|Any CPU.ActiveCfg = Release|Any CPU
		{823EDE52-6A9C-4C92-A911-A095121121A0}.Release|Any CPU.Build.0 = Release|Any CPU
	EndGlobalSection
	GlobalSection(SolutionProperties) = preSolution
		HideSolutionNode = FALSE
	EndGlobalSection
	GlobalSection(ExtensibilityGlobals) = postSolution
		SolutionGuid = {1117EE6A-4AA0-4580-B0EA-2C62FA87C819}
	EndGlobalSection
EndGlobal
